
Microsoft Visual Studio Solution File, Format Version 12.00
# Visual Studio Version 17
VisualStudioVersion = 17.11.35327.3
MinimumVisualStudioVersion = 10.0.40219.1
Project("{FAE04EC0-301F-11D3-BF4B-00C04F79EFBC}") = "Test2", "Test2.csproj", "{A6947552-8CD5-4B33-A198-36EF285DEE61}"
EndProject
Global
	GlobalSection(SolutionConfigurationPlatforms) = preSolution
		Debug|Any CPU = Debug|Any CPU
		Release|Any CPU = Release|Any CPU
	EndGlobalSection
	GlobalSection(ProjectConfigurationPlatforms) = postSolution
		{A6947552-8CD5-4B33-A198-36EF285DEE61}.Debug|Any CPU.ActiveCfg = Debug|Any CPU
		{A6947552-8CD5-4B33-A198-36EF285DEE61}.Debug|Any CPU.Build.0 = Debug|Any CPU
		{A6947552-8CD5-4B33-A198-36EF285DEE61}.Release|Any CPU.ActiveCfg = Release|Any CPU
		{A6947552-8CD5-4B33-A198-36EF285DEE61}.Release|Any CPU.Build.0 = Release|Any CPU
	EndGlobalSection
	GlobalSection(SolutionProperties) = preSolution
		HideSolutionNode = FALSE
	EndGlobalSection
	GlobalSection(ExtensibilityGlobals) = postSolution
		SolutionGuid = {CBC304E0-BBF5-451A-88B0-6673CD9DB386}
	EndGlobalSection
EndGlobal
